dependencies:
- name: common
  repository: https://charts.bitnami.com/bitnami
  version: 2.4.0
- name: postgresql
  repository: https://charts.bitnami.com/bitnami
  version: 12.5.8
digest: sha256:db4cc29008adce848dfad6f3d634fb0cb493bcd8d7a31ea99cb71044b842f421
generated: "2023-06-22T18:52:03.946258202-05:00"
